# This file is automatically @generated by Cargo.
# It is not intended for manual editing.
version = 4

[[package]]
name = "hibana"
version = "0.1.0"
source = "git+https://github.com/hibanaworks/hibana?rev=ebeddd96956912dc79d528c1bb0537c28f646ad1#ebeddd96956912dc79d528c1bb0537c28f646ad1"

[[package]]
name = "hibana-epf"
version = "0.1.0"
source = "git+https://github.com/hibanaworks/hibana-epf?rev=f47c5c59ef1c42c20644fd0a8d76add9b23b8851#f47c5c59ef1c42c20644fd0a8d76add9b23b8851"
dependencies = [
 "hibana",
]

[[package]]
name = "hibana-mgmt"
version = "0.1.0"
dependencies = [
 "hibana",
 "hibana-epf",
]
