# This file is automatically @generated by Cargo.
# It is not intended for manual editing.
version = 4

[[package]]
name = "hibana"
version = "0.1.0"
source = "git+https://github.com/hibanaworks/hibana?rev=83c0fa7f7abff456c9f339bc6251f6f1d2d4fa91#83c0fa7f7abff456c9f339bc6251f6f1d2d4fa91"

[[package]]
name = "hibana-epf"
version = "0.1.0"
source = "git+https://github.com/hibanaworks/hibana-epf?rev=bf81eb7e4ce3a0c2f479e3a9ee5b8cd10b40b3ca#bf81eb7e4ce3a0c2f479e3a9ee5b8cd10b40b3ca"
dependencies = [
 "hibana",
]

[[package]]
name = "hibana-mgmt"
version = "0.1.0"
dependencies = [
 "hibana",
 "hibana-epf",
]
