# This file is automatically @generated by Cargo.
# It is not intended for manual editing.
version = 4

[[package]]
name = "hibana"
version = "0.1.0"
source = "git+https://github.com/hibanaworks/hibana?branch=main#7a50c0b7719569c3d6b8cc5e238031c1a3913c0a"

[[package]]
name = "hibana-epf"
version = "0.1.0"
source = "git+https://github.com/hibanaworks/hibana-epf?branch=main#e7b7926a98edcf99fe0b366eeb1a215edab12c37"
dependencies = [
 "hibana",
]

[[package]]
name = "hibana-mgmt"
version = "0.1.0"
dependencies = [
 "hibana",
 "hibana-epf",
]
